// !$*UTF8*$!
{
	archiveVersion = 1;
	classes = {
	};
	objectVersion = 77;
	objects = {

/* Begin PBXContainerItemProxy section */
		C05DD0582D2F1CA20056DE21 /* PBXContainerItemProxy */ = {
			isa = PBXContainerItemProxy;
			containerPortal = C05DD03C2D2F1C9F0056DE21 /* Project object */;
			proxyType = 1;
			remoteGlobalIDString = C05DD0432D2F1C9F0056DE21;
			remoteInfo = PNGtoWebP;
		};
		C05DD0622D2F1CA20056DE21 /* PBXContainerItemProxy */ = {
			isa = PBXContainerItemProxy;
			containerPortal = C05DD03C2D2F1C9F0056DE21 /* Project object */;
			proxyType = 1;
			remoteGlobalIDString = C05DD0432D2F1C9F0056DE21;
			remoteInfo = PNGtoWebP;
		};
/* End PBXContainerItemProxy section */

/* Begin PBXFileReference section */
		C05DD0442D2F1C9F0056DE21 /* PNGtoWebP.app */ = {isa = PBXFileReference; explicitFileType = wrapper.application; includeInIndex = 0; path = PNGtoWebP.app; sourceTree = BUILT_PRODUCTS_DIR; };
		C05DD0572D2F1CA20056DE21 /* PNGtoWebPTests.xctest */ = {isa = PBXFileReference; explicitFileType = wrapper.cfbundle; includeInIndex = 0; path = PNGtoWebPTests.xctest; sourceTree = BUILT_PRODUCTS_DIR; };
		C05DD0612D2F1CA20056DE21 /* PNGtoWebPUITests.xctest */ = {isa = PBXFileReference; explicitFileType = wrapper.cfbundle; includeInIndex = 0; path = PNGtoWebPUITests.xctest; sourceTree = BUILT_PRODUCTS_DIR; };
/* End PBXFileReference section */

/* Begin PBXFileSystemSynchronizedRootGroup section */
		C05DD0462D2F1C9F0056DE21 /* PNGtoWebP */ = {
			isa = PBXFileSystemSynchronizedRootGroup;
			path = PNGtoWebP;
			sourceTree = "<group>";
		};
		C05DD05A2D2F1CA20056DE21 /* PNGtoWebPTests */ = {
			isa = PBXFileSystemSynchronizedRootGroup;
			path = PNGtoWebPTests;
			sourceTree = "<group>";
		};
		C05DD0642D2F1CA20056DE21 /* PNGtoWebPUITests */ = {
			isa = PBXFileSystemSynchronizedRootGroup;
			path = PNGtoWebPUITests;
			sourceTree = "<group>";
		};
/* End PBXFileSystemSynchronizedRootGroup section */

/* Begin PBXFrameworksBuildPhase section */
		C05DD0412D2F1C9F0056DE21 /* Frameworks */ = {
			isa = PBXFrameworksBuildPhase;
			buildActionMask = 2147483647;
			files = (
			);
			runOnlyForDeploymentPostprocessing = 0;
		};
		C05DD0542D2F1CA20056DE21 /* Frameworks */ = {
			isa = PBXFrameworksBuildPhase;
			buildActionMask = 2147483647;
			files = (
			);
			runOnlyForDeploymentPostprocessing = 0;
		};
		C05DD05E2D2F1CA20056DE21 /* Frameworks */ = {
			isa = PBXFrameworksBuildPhase;
			buildActionMask = 2147483647;
			files = (
			);
			runOnlyForDeploymentPostprocessing = 0;
		};
/* End PBXFrameworksBuildPhase section */

/* Begin PBXGroup section */
		C05DD03B2D2F1C9F0056DE21 = {
			isa = PBXGroup;
			children = (
				C05DD0462D2F1C9F0056DE21 /* PNGtoWebP */,
				C05DD05A2D2F1CA20056DE21 /* PNGtoWebPTests */,
				C05DD0642D2F1CA20056DE21 /* PNGtoWebPUITests */,
				C05DD0452D2F1C9F0056DE21 /* Products */,
			);
			sourceTree = "<group>";
		};
		C05DD0452D2F1C9F0056DE21 /* Products */ = {
			isa = PBXGroup;
			children = (
				C05DD0442D2F1C9F0056DE21 /* PNGtoWebP.app */,
				C05DD0572D2F1CA20056DE21 /* PNGtoWebPTests.xctest */,
				C05DD0612D2F1CA20056DE21 /* PNGtoWebPUITests.xctest */,
			);
			name = Products;
			sourceTree = "<group>";
		};
/* End PBXGroup section */

/* Begin PBXNativeTarget section */
		C05DD0432D2F1C9F0056DE21 /* PNGtoWebP */ = {
			isa = PBXNativeTarget;
			buildConfigurationList = C05DD06B2D2F1CA20056DE21 /* Build configuration list for PBXNativeTarget "PNGtoWebP" */;
			buildPhases = (
				C05DD0402D2F1C9F0056DE21 /* Sources */,
				C05DD0412D2F1C9F0056DE21 /* Frameworks */,
				C05DD0422D2F1C9F0056DE21 /* Resources */,
			);
			buildRules = (
			);
			dependencies = (
			);
			fileSystemSynchronizedGroups = (
				C05DD0462D2F1C9F0056DE21 /* PNGtoWebP */,
			);
			name = PNGtoWebP;
			packageProductDependencies = (
			);
			productName = PNGtoWebP;
			productReference = C05DD0442D2F1C9F0056DE21 /* PNGtoWebP.app */;
			productType = "com.apple.product-type.application";
		};
		C05DD0562D2F1CA20056DE21 /* PNGtoWebPTests */ = {
			isa = PBXNativeTarget;
			buildConfigurationList = C05DD06E2D2F1CA20056DE21 /* Build configuration list for PBXNativeTarget "PNGtoWebPTests" */;
			buildPhases = (
				C05DD0532D2F1CA20056DE21 /* Sources */,
				C05DD0542D2F1CA20056DE21 /* Frameworks */,
				C05DD0552D2F1CA20056DE21 /* Resources */,
			);
			buildRules = (
			);
			dependencies = (
				C05DD0592D2F1CA20056DE21 /* PBXTargetDependency */,
			);
			fileSystemSynchronizedGroups = (
				C05DD05A2D2F1CA20056DE21 /* PNGtoWebPTests */,
			);
			name = PNGtoWebPTests;
			packageProductDependencies = (
			);
			productName = PNGtoWebPTests;
			productReference = C05DD0572D2F1CA20056DE21 /* PNGtoWebPTests.xctest */;
			productType = "com.apple.product-type.bundle.unit-test";
		};
		C05DD0602D2F1CA20056DE21 /* PNGtoWebPUITests */ = {
			isa = PBXNativeTarget;
			buildConfigurationList = C05DD0712D2F1CA20056DE21 /* Build configuration list for PBXNativeTarget "PNGtoWebPUITests" */;
			buildPhases = (
				C05DD05D2D2F1CA20056DE21 /* Sources */,
				C05DD05E2D2F1CA20056DE21 /* Frameworks */,
				C05DD05F2D2F1CA20056DE21 /* Resources */,
			);
			buildRules = (
			);
			dependencies = (
				C05DD0632D2F1CA20056DE21 /* PBXTargetDependency */,
			);
			fileSystemSynchronizedGroups = (
				C05DD0642D2F1CA20056DE21 /* PNGtoWebPUITests */,
			);
			name = PNGtoWebPUITests;
			packageProductDependencies = (
			);
			productName = PNGtoWebPUITests;
			productReference = C05DD0612D2F1CA20056DE21 /* PNGtoWebPUITests.xctest */;
			productType = "com.apple.product-type.bundle.ui-testing";
		};
/* End PBXNativeTarget section */

/* Begin PBXProject section */
		C05DD03C2D2F1C9F0056DE21 /* Project object */ = {
			isa = PBXProject;
			attributes = {
				BuildIndependentTargetsInParallel = 1;
				LastSwiftUpdateCheck = 1620;
				LastUpgradeCheck = 1620;
				TargetAttributes = {
					C05DD0432D2F1C9F0056DE21 = {
						CreatedOnToolsVersion = 16.2;
					};
					C05DD0562D2F1CA20056DE21 = {
						CreatedOnToolsVersion = 16.2;
						TestTargetID = C05DD0432D2F1C9F0056DE21;
					};
					C05DD0602D2F1CA20056DE21 = {
						CreatedOnToolsVersion = 16.2;
						TestTargetID = C05DD0432D2F1C9F0056DE21;
					};
				};
			};
			buildConfigurationList = C05DD03F2D2F1C9F0056DE21 /* Build configuration list for PBXProject "PNGtoWebP" */;
			developmentRegion = en;
			hasScannedForEncodings = 0;
			knownRegions = (
				en,
				Base,
			);
			mainGroup = C05DD03B2D2F1C9F0056DE21;
			minimizedProjectReferenceProxies = 1;
			preferredProjectObjectVersion = 77;
			productRefGroup = C05DD0452D2F1C9F0056DE21 /* Products */;
			projectDirPath = "";
			projectRoot = "";
			targets = (
				C05DD0432D2F1C9F0056DE21 /* PNGtoWebP */,
				C05DD0562D2F1CA20056DE21 /* PNGtoWebPTests */,
				C05DD0602D2F1CA20056DE21 /* PNGtoWebPUITests */,
			);
		};
/* End PBXProject section */

/* Begin PBXResourcesBuildPhase section */
		C05DD0422D2F1C9F0056DE21 /* Resources */ = {
			isa = PBXResourcesBuildPhase;
			buildActionMask = 2147483647;
			files = (
			);
			runOnlyForDeploymentPostprocessing = 0;
		};
		C05DD0552D2F1CA20056DE21 /* Resources */ = {
			isa = PBXResourcesBuildPhase;
			buildActionMask = 2147483647;
			files = (
			);
			runOnlyForDeploymentPostprocessing = 0;
		};
		C05DD05F2D2F1CA20056DE21 /* Resources */ = {
			isa = PBXResourcesBuildPhase;
			buildActionMask = 2147483647;
			files = (
			);
			runOnlyForDeploymentPostprocessing = 0;
		};
/* End PBXResourcesBuildPhase section */

/* Begin PBXSourcesBuildPhase section */
		C05DD0402D2F1C9F0056DE21 /* Sources */ = {
			isa = PBXSourcesBuildPhase;
			buildActionMask = 2147483647;
			files = (
			);
			runOnlyForDeploymentPostprocessing = 0;
		};
		C05DD0532D2F1CA20056DE21 /* Sources */ = {
			isa = PBXSourcesBuildPhase;
			buildActionMask = 2147483647;
			files = (
			);
			runOnlyForDeploymentPostprocessing = 0;
		};
		C05DD05D2D2F1CA20056DE21 /* Sources */ = {
			isa = PBXSourcesBuildPhase;
			buildActionMask = 2147483647;
			files = (
			);
			runOnlyForDeploymentPostprocessing = 0;
		};
/* End PBXSourcesBuildPhase section */

/* Begin PBXTargetDependency section */
		C05DD0592D2F1CA20056DE21 /* PBXTargetDependency */ = {
			isa = PBXTargetDependency;
			target = C05DD0432D2F1C9F0056DE21 /* PNGtoWebP */;
			targetProxy = C05DD0582D2F1CA20056DE21 /* PBXContainerItemProxy */;
		};
		C05DD0632D2F1CA20056DE21 /* PBXTargetDependency */ = {
			isa = PBXTargetDependency;
			target = C05DD0432D2F1C9F0056DE21 /* PNGtoWebP */;
			targetProxy = C05DD0622D2F1CA20056DE21 /* PBXContainerItemProxy */;
		};
/* End PBXTargetDependency section */

/* Begin XCBuildConfiguration section */
		C05DD0692D2F1CA20056DE21 /* Debug */ = {
			isa = XCBuildConfiguration;
			buildSettings = {
				ALWAYS_SEARCH_USER_PATHS = NO;
				ASSETCATALOG_COMPILER_GENERATE_SWIFT_ASSET_SYMBOL_EXTENSIONS = YES;
				CLANG_ANALYZER_NONNULL = YES;
				CLANG_ANALYZER_NUMBER_OBJECT_CONVERSION = YES_AGGRESSIVE;
				CLANG_CXX_LANGUAGE_STANDARD = "gnu++20";
				CLANG_ENABLE_MODULES = YES;
				CLANG_ENABLE_OBJC_ARC = YES;
				CLANG_ENABLE_OBJC_WEAK = YES;
				CLANG_WARN_BLOCK_CAPTURE_AUTORELEASING = YES;
				CLANG_WARN_BOOL_CONVERSION = YES;
				CLANG_WARN_COMMA = YES;
				CLANG_WARN_CONSTANT_CONVERSION = YES;
				CLANG_WARN_DEPRECATED_OBJC_IMPLEMENTATIONS = YES;
				CLANG_WARN_DIRECT_OBJC_ISA_USAGE = YES_ERROR;
				CLANG_WARN_DOCUMENTATION_COMMENTS = YES;
				CLANG_WARN_EMPTY_BODY = YES;
				CLANG_WARN_ENUM_CONVERSION = YES;
				CLANG_WARN_INFINITE_RECURSION = YES;
				CLANG_WARN_INT_CONVERSION = YES;
				CLANG_WARN_NON_LITERAL_NULL_CONVERSION = YES;
				CLANG_WARN_OBJC_IMPLICIT_RETAIN_SELF = YES;
				CLANG_WARN_OBJC_LITERAL_CONVERSION = YES;
				CLANG_WARN_OBJC_ROOT_CLASS = YES_ERROR;
				CLANG_WARN_QUOTED_INCLUDE_IN_FRAMEWORK_HEADER = YES;
				CLANG_WARN_RANGE_LOOP_ANALYSIS = YES;
				CLANG_WARN_STRICT_PROTOTYPES = YES;
				CLANG_WARN_SUSPICIOUS_MOVE = YES;
				CLANG_WARN_UNGUARDED_AVAILABILITY = YES_AGGRESSIVE;
				CLANG_WARN_UNREACHABLE_CODE = YES;
				CLANG_WARN__DUPLICATE_METHOD_MATCH = YES;
				COPY_PHASE_STRIP = NO;
				DEBUG_INFORMATION_FORMAT = dwarf;
				ENABLE_STRICT_OBJC_MSGSEND = YES;
				ENABLE_TESTABILITY = YES;
				ENABLE_USER_SCRIPT_SANDBOXING = YES;
				GCC_C_LANGUAGE_STANDARD = gnu17;
				GCC_DYNAMIC_NO_PIC = NO;
				GCC_NO_COMMON_BLOCKS = YES;
				GCC_OPTIMIZATION_LEVEL = 0;
				GCC_PREPROCESSOR_DEFINITIONS = (
					"DEBUG=1",
					"$(inherited)",
				);
				GCC_WARN_64_TO_32_BIT_CONVERSION = YES;
				GCC_WARN_ABOUT_RETURN_TYPE = YES_ERROR;
				GCC_WARN_UNDECLARED_SELECTOR = YES;
				GCC_WARN_UNINITIALIZED_AUTOS = YES_AGGRESSIVE;
				GCC_WARN_UNUSED_FUNCTION = YES;
				GCC_WARN_UNUSED_VARIABLE = YES;
				LOCALIZATION_PREFERS_STRING_CATALOGS = YES;
				MACOSX_DEPLOYMENT_TARGET = 15.2;
				MTL_ENABLE_DEBUG_INFO = INCLUDE_SOURCE;
				MTL_FAST_MATH = YES;
				ONLY_ACTIVE_ARCH = YES;
				SDKROOT = macosx;
				SWIFT_ACTIVE_COMPILATION_CONDITIONS = "DEBUG $(inherited)";
				SWIFT_OPTIMIZATION_LEVEL = "-Onone";
			};
			name = Debug;
		};
		C05DD06A2D2F1CA20056DE21 /* Release */ = {
			isa = XCBuildConfiguration;
			buildSettings = {
				ALWAYS_SEARCH_USER_PATHS = NO;
				ASSETCATALOG_COMPILER_GENERATE_SWIFT_ASSET_SYMBOL_EXTENSIONS = YES;
				CLANG_ANALYZER_NONNULL = YES;
				CLANG_ANALYZER_NUMBER_OBJECT_CONVERSION = YES_AGGRESSIVE;
				CLANG_CXX_LANGUAGE_STANDARD = "gnu++20";
				CLANG_ENABLE_MODULES = YES;
				CLANG_ENABLE_OBJC_ARC = YES;
				CLANG_ENABLE_OBJC_WEAK = YES;
				CLANG_WARN_BLOCK_CAPTURE_AUTORELEASING = YES;
				CLANG_WARN_BOOL_CONVERSION = YES;
				CLANG_WARN_COMMA = YES;
				CLANG_WARN_CONSTANT_CONVERSION = YES;
				CLANG_WARN_DEPRECATED_OBJC_IMPLEMENTATIONS = YES;
				CLANG_WARN_DIRECT_OBJC_ISA_USAGE = YES_ERROR;
				CLANG_WARN_DOCUMENTATION_COMMENTS = YES;
				CLANG_WARN_EMPTY_BODY = YES;
				CLANG_WARN_ENUM_CONVERSION = YES;
				CLANG_WARN_INFINITE_RECURSION = YES;
				CLANG_WARN_INT_CONVERSION = YES;
				CLANG_WARN_NON_LITERAL_NULL_CONVERSION = YES;
				CLANG_WARN_OBJC_IMPLICIT_RETAIN_SELF = YES;
				CLANG_WARN_OBJC_LITERAL_CONVERSION = YES;
				CLANG_WARN_OBJC_ROOT_CLASS = YES_ERROR;
				CLANG_WARN_QUOTED_INCLUDE_IN_FRAMEWORK_HEADER = YES;
				CLANG_WARN_RANGE_LOOP_ANALYSIS = YES;
				CLANG_WARN_STRICT_PROTOTYPES = YES;
				CLANG_WARN_SUSPICIOUS_MOVE = YES;
				CLANG_WARN_UNGUARDED_AVAILABILITY = YES_AGGRESSIVE;
				CLANG_WARN_UNREACHABLE_CODE = YES;
				CLANG_WARN__DUPLICATE_METHOD_MATCH = YES;
				COPY_PHASE_STRIP = NO;
				DEBUG_INFORMATION_FORMAT = "dwarf-with-dsym";
				ENABLE_NS_ASSERTIONS = NO;
				ENABLE_STRICT_OBJC_MSGSEND = YES;
				ENABLE_USER_SCRIPT_SANDBOXING = YES;
				GCC_C_LANGUAGE_STANDARD = gnu17;
				GCC_NO_COMMON_BLOCKS = YES;
				GCC_WARN_64_TO_32_BIT_CONVERSION = YES;
				GCC_WARN_ABOUT_RETURN_TYPE = YES_ERROR;
				GCC_WARN_UNDECLARED_SELECTOR = YES;
				GCC_WARN_UNINITIALIZED_AUTOS = YES_AGGRESSIVE;
				GCC_WARN_UNUSED_FUNCTION = YES;
				GCC_WARN_UNUSED_VARIABLE = YES;
				LOCALIZATION_PREFERS_STRING_CATALOGS = YES;
				MACOSX_DEPLOYMENT_TARGET = 15.2;
				MTL_ENABLE_DEBUG_INFO = NO;
				MTL_FAST_MATH = YES;
				SDKROOT = macosx;
				SWIFT_COMPILATION_MODE = wholemodule;
			};
			name = Release;
		};
		C05DD06C2D2F1CA20056DE21 /* Debug */ = {
			isa = XCBuildConfiguration;
			buildSettings = {
				ASSETCATALOG_COMPILER_APPICON_NAME = AppIcon;
				ASSETCATALOG_COMPILER_GLOBAL_ACCENT_COLOR_NAME = AccentColor;
				CODE_SIGN_ENTITLEMENTS = PNGtoWebP/PNGtoWebP.entitlements;
				CODE_SIGN_STYLE = Automatic;
				COMBINE_HIDPI_IMAGES = YES;
				CURRENT_PROJECT_VERSION = 1;
				DEVELOPMENT_ASSET_PATHS = "\"PNGtoWebP/Preview Content\"";
				ENABLE_PREVIEWS = YES;
				GENERATE_INFOPLIST_FILE = YES;
				INFOPLIST_KEY_NSHumanReadableCopyright = "";
				LD_RUNPATH_SEARCH_PATHS = (
					"$(inherited)",
					"@executable_path/../Frameworks",
				);
				MACOSX_DEPLOYMENT_TARGET = 14.0;
				MARKETING_VERSION = 1.0;
				PRODUCT_BUNDLE_IDENTIFIER = com.kishpatel.PNGtoWebP;
				PRODUCT_NAME = "$(TARGET_NAME)";
				SWIFT_EMIT_LOC_STRINGS = YES;
				SWIFT_VERSION = 5.0;
			};
			name = Debug;
		};
		C05DD06D2D2F1CA20056DE21 /* Release */ = {
			isa = XCBuildConfiguration;
			buildSettings = {
				ASSETCATALOG_COMPILER_APPICON_NAME = AppIcon;
				ASSETCATALOG_COMPILER_GLOBAL_ACCENT_COLOR_NAME = AccentColor;
				CODE_SIGN_ENTITLEMENTS = PNGtoWebP/PNGtoWebP.entitlements;
				CODE_SIGN_STYLE = Automatic;
				COMBINE_HIDPI_IMAGES = YES;
				CURRENT_PROJECT_VERSION = 1;
				DEVELOPMENT_ASSET_PATHS = "\"PNGtoWebP/Preview Content\"";
				ENABLE_PREVIEWS = YES;
				GENERATE_INFOPLIST_FILE = YES;
				INFOPLIST_KEY_NSHumanReadableCopyright = "";
				LD_RUNPATH_SEARCH_PATHS = (
					"$(inherited)",
					"@executable_path/../Frameworks",
				);
				MACOSX_DEPLOYMENT_TARGET = 14.0;
				MARKETING_VERSION = 1.0;
				PRODUCT_BUNDLE_IDENTIFIER = com.kishpatel.PNGtoWebP;
				PRODUCT_NAME = "$(TARGET_NAME)";
				SWIFT_EMIT_LOC_STRINGS = YES;
				SWIFT_VERSION = 5.0;
			};
			name = Release;
		};
		C05DD06F2D2F1CA20056DE21 /* Debug */ = {
			isa = XCBuildConfiguration;
			buildSettings = {
				BUNDLE_LOADER = "$(TEST_HOST)";
				CODE_SIGN_STYLE = Automatic;
				CURRENT_PROJECT_VERSION = 1;
				GENERATE_INFOPLIST_FILE = YES;
				MACOSX_DEPLOYMENT_TARGET = 14.0;
				MARKETING_VERSION = 1.0;
				PRODUCT_BUNDLE_IDENTIFIER = com.kishpatel.PNGtoWebPTests;
				PRODUCT_NAME = "$(TARGET_NAME)";
				SWIFT_EMIT_LOC_STRINGS = NO;
				SWIFT_VERSION = 5.0;
				TEST_HOST = "$(BUILT_PRODUCTS_DIR)/PNGtoWebP.app/$(BUNDLE_EXECUTABLE_FOLDER_PATH)/PNGtoWebP";
			};
			name = Debug;
		};
		C05DD0702D2F1CA20056DE21 /* Release */ = {
			isa = XCBuildConfiguration;
			buildSettings = {
				BUNDLE_LOADER = "$(TEST_HOST)";
				CODE_SIGN_STYLE = Automatic;
				CURRENT_PROJECT_VERSION = 1;
				GENERATE_INFOPLIST_FILE = YES;
				MACOSX_DEPLOYMENT_TARGET = 14.0;
				MARKETING_VERSION = 1.0;
				PRODUCT_BUNDLE_IDENTIFIER = com.kishpatel.PNGtoWebPTests;
				PRODUCT_NAME = "$(TARGET_NAME)";
				SWIFT_EMIT_LOC_STRINGS = NO;
				SWIFT_VERSION = 5.0;
				TEST_HOST = "$(BUILT_PRODUCTS_DIR)/PNGtoWebP.app/$(BUNDLE_EXECUTABLE_FOLDER_PATH)/PNGtoWebP";
			};
			name = Release;
		};
		C05DD0722D2F1CA20056DE21 /* Debug */ = {
			isa = XCBuildConfiguration;
			buildSettings = {
				CODE_SIGN_STYLE = Automatic;
				CURRENT_PROJECT_VERSION = 1;
				GENERATE_INFOPLIST_FILE = YES;
				MARKETING_VERSION = 1.0;
				PRODUCT_BUNDLE_IDENTIFIER = com.kishpatel.PNGtoWebPUITests;
				PRODUCT_NAME = "$(TARGET_NAME)";
				SWIFT_EMIT_LOC_STRINGS = NO;
				SWIFT_VERSION = 5.0;
				TEST_TARGET_NAME = PNGtoWebP;
			};
			name = Debug;
		};
		C05DD0732D2F1CA20056DE21 /* Release */ = {
			isa = XCBuildConfiguration;
			buildSettings = {
				CODE_SIGN_STYLE = Automatic;
				CURRENT_PROJECT_VERSION = 1;
				GENERATE_INFOPLIST_FILE = YES;
				MARKETING_VERSION = 1.0;
				PRODUCT_BUNDLE_IDENTIFIER = com.kishpatel.PNGtoWebPUITests;
				PRODUCT_NAME = "$(TARGET_NAME)";
				SWIFT_EMIT_LOC_STRINGS = NO;
				SWIFT_VERSION = 5.0;
				TEST_TARGET_NAME = PNGtoWebP;
			};
			name = Release;
		};
/* End XCBuildConfiguration section */

/* Begin XCConfigurationList section */
		C05DD03F2D2F1C9F0056DE21 /* Build configuration list for PBXProject "PNGtoWebP" */ = {
			isa = XCConfigurationList;
			buildConfigurations = (
				C05DD0692D2F1CA20056DE21 /* Debug */,
				C05DD06A2D2F1CA20056DE21 /* Release */,
			);
			defaultConfigurationIsVisible = 0;
			defaultConfigurationName = Release;
		};
		C05DD06B2D2F1CA20056DE21 /* Build configuration list for PBXNativeTarget "PNGtoWebP" */ = {
			isa = XCConfigurationList;
			buildConfigurations = (
				C05DD06C2D2F1CA20056DE21 /* Debug */,
				C05DD06D2D2F1CA20056DE21 /* Release */,
			);
			defaultConfigurationIsVisible = 0;
			defaultConfigurationName = Release;
		};
		C05DD06E2D2F1CA20056DE21 /* Build configuration list for PBXNativeTarget "PNGtoWebPTests" */ = {
			isa = XCConfigurationList;
			buildConfigurations = (
				C05DD06F2D2F1CA20056DE21 /* Debug */,
				C05DD0702D2F1CA20056DE21 /* Release */,
			);
			defaultConfigurationIsVisible = 0;
			defaultConfigurationName = Release;
		};
		C05DD0712D2F1CA20056DE21 /* Build configuration list for PBXNativeTarget "PNGtoWebPUITests" */ = {
			isa = XCConfigurationList;
			buildConfigurations = (
				C05DD0722D2F1CA20056DE21 /* Debug */,
				C05DD0732D2F1CA20056DE21 /* Release */,
			);
			defaultConfigurationIsVisible = 0;
			defaultConfigurationName = Release;
		};
/* End XCConfigurationList section */
	};
	rootObject = C05DD03C2D2F1C9F0056DE21 /* Project object */;
}
